// !$*UTF8*$!
{
	archiveVersion = 1;
	classes = {
	};
	objectVersion = 56;
	objects = {

/* Begin PBXBuildFile section */
		A1B2C3D4E5F60001 /* AppDelegate.swift in Sources */ = {isa = PBXBuildFile; fileRef = A1B2C3D4E5F60010 /* AppDelegate.swift */; };
		A1B2C3D4E5F60002 /* SceneDelegate.swift in Sources */ = {isa = PBXBuildFile; fileRef = A1B2C3D4E5F60011 /* SceneDelegate.swift */; };
		A1B2C3D4E5F60003 /* ViewController.swift in Sources */ = {isa = PBXBuildFile; fileRef = A1B2C3D4E5F60012 /* ViewController.swift */; };
		A1B2C3D4E5F60200 /* AuthManager.swift in Sources */ = {isa = PBXBuildFile; fileRef = A1B2C3D4E5F60210 /* AuthManager.swift */; };
		A1B2C3D4E5F60201 /* Card.swift in Sources */ = {isa = PBXBuildFile; fileRef = A1B2C3D4E5F60211 /* Card.swift */; };
		A1B2C3D4E5F60202 /* CardView.swift in Sources */ = {isa = PBXBuildFile; fileRef = A1B2C3D4E5F60212 /* CardView.swift */; };
		A1B2C3D4E5F60203 /* Deck.swift in Sources */ = {isa = PBXBuildFile; fileRef = A1B2C3D4E5F60213 /* Deck.swift */; };
		A1B2C3D4E5F60204 /* Game.swift in Sources */ = {isa = PBXBuildFile; fileRef = A1B2C3D4E5F60214 /* Game.swift */; };
		A1B2C3D4E5F60205 /* GameViewController.swift in Sources */ = {isa = PBXBuildFile; fileRef = A1B2C3D4E5F60215 /* GameViewController.swift */; };
		A1B2C3D4E5F60206 /* LoginFormViewController.swift in Sources */ = {isa = PBXBuildFile; fileRef = A1B2C3D4E5F60216 /* LoginFormViewController.swift */; };
		A1B2C3D4E5F60207 /* LoginViewController.swift in Sources */ = {isa = PBXBuildFile; fileRef = A1B2C3D4E5F60217 /* LoginViewController.swift */; };
		A1B2C3D4E5F60208 /* Player.swift in Sources */ = {isa = PBXBuildFile; fileRef = A1B2C3D4E5F60218 /* Player.swift */; };
		A1B2C3D4E5F60209 /* ProfileViewController.swift in Sources */ = {isa = PBXBuildFile; fileRef = A1B2C3D4E5F60219 /* ProfileViewController.swift */; };
		A1B2C3D4E5F6020A /* SignUpViewController.swift in Sources */ = {isa = PBXBuildFile; fileRef = A1B2C3D4E5F6021A /* SignUpViewController.swift */; };
		A1B2C3D4E5F60005 /* Assets.xcassets in Resources */ = {isa = PBXBuildFile; fileRef = A1B2C3D4E5F60015 /* Assets.xcassets */; };
		A1B2C3D4E5F60007 /* oak_background.jpg in Resources */ = {isa = PBXBuildFile; fileRef = A1B2C3D4E5F60019 /* oak_background.jpg */; };
		A1B2C3D4E5F60008 /* dark_background.jpg in Resources */ = {isa = PBXBuildFile; fileRef = A1B2C3D4E5F6001A /* dark_background.jpg */; };
		A1B2C3D4E5F60009 /* title.png in Resources */ = {isa = PBXBuildFile; fileRef = A1B2C3D4E5F6001B /* title.png */; };
		A1B2C3D4E5F6000A /* whiteTitle.png in Resources */ = {isa = PBXBuildFile; fileRef = A1B2C3D4E5F6001C /* whiteTitle.png */; };
		A1B2C3D4E5F6000B /* cardBack.png in Resources */ = {isa = PBXBuildFile; fileRef = A1B2C3D4E5F6001D /* cardBack.png */; };
		A1B2C3D4E5F6000C /* 0.png in Resources */ = {isa = PBXBuildFile; fileRef = A1B2C3D4E5F6001E /* 0.png */; };
		A1B2C3D4E5F6000D /* 1.png in Resources */ = {isa = PBXBuildFile; fileRef = A1B2C3D4E5F6001F /* 1.png */; };
		A1B2C3D4E5F6000E /* 2.png in Resources */ = {isa = PBXBuildFile; fileRef = A1B2C3D4E5F60021 /* 2.png */; };
		A1B2C3D4E5F6000F /* 3.png in Resources */ = {isa = PBXBuildFile; fileRef = A1B2C3D4E5F60022 /* 3.png */; };
		A1B2C3D4E5F60100 /* 4.png in Resources */ = {isa = PBXBuildFile; fileRef = A1B2C3D4E5F60023 /* 4.png */; };
		A1B2C3D4E5F60101 /* 5.png in Resources */ = {isa = PBXBuildFile; fileRef = A1B2C3D4E5F60024 /* 5.png */; };
		A1B2C3D4E5F60102 /* 6.png in Resources */ = {isa = PBXBuildFile; fileRef = A1B2C3D4E5F60025 /* 6.png */; };
		A1B2C3D4E5F60103 /* 7.png in Resources */ = {isa = PBXBuildFile; fileRef = A1B2C3D4E5F60026 /* 7.png */; };
		A1B2C3D4E5F60104 /* 8.png in Resources */ = {isa = PBXBuildFile; fileRef = A1B2C3D4E5F60027 /* 8.png */; };
		A1B2C3D4E5F60105 /* 9.png in Resources */ = {isa = PBXBuildFile; fileRef = A1B2C3D4E5F60028 /* 9.png */; };
		A1B2C3D4E5F60106 /* 10.png in Resources */ = {isa = PBXBuildFile; fileRef = A1B2C3D4E5F60029 /* 10.png */; };
		A1B2C3D4E5F60107 /* 11.png in Resources */ = {isa = PBXBuildFile; fileRef = A1B2C3D4E5F6002A /* 11.png */; };
		A1B2C3D4E5F60108 /* 12.png in Resources */ = {isa = PBXBuildFile; fileRef = A1B2C3D4E5F6002B /* 12.png */; };
		A1B2C3D4E5F60109 /* splash_screen.png in Resources */ = {isa = PBXBuildFile; fileRef = A1B2C3D4E5F6002C /* splash_screen.png */; };
/* End PBXBuildFile section */

/* Begin PBXFileReference section */
		A1B2C3D4E5F60010 /* AppDelegate.swift */ = {isa = PBXFileReference; lastKnownFileType = sourcecode.swift; path = AppDelegate.swift; sourceTree = "<group>"; };
		A1B2C3D4E5F60011 /* SceneDelegate.swift */ = {isa = PBXFileReference; lastKnownFileType = sourcecode.swift; path = SceneDelegate.swift; sourceTree = "<group>"; };
		A1B2C3D4E5F60012 /* ViewController.swift */ = {isa = PBXFileReference; lastKnownFileType = sourcecode.swift; path = ViewController.swift; sourceTree = "<group>"; };
		A1B2C3D4E5F60210 /* AuthManager.swift */ = {isa = PBXFileReference; lastKnownFileType = sourcecode.swift; path = AuthManager.swift; sourceTree = "<group>"; };
		A1B2C3D4E5F60211 /* Card.swift */ = {isa = PBXFileReference; lastKnownFileType = sourcecode.swift; path = Card.swift; sourceTree = "<group>"; };
		A1B2C3D4E5F60212 /* CardView.swift */ = {isa = PBXFileReference; lastKnownFileType = sourcecode.swift; path = CardView.swift; sourceTree = "<group>"; };
		A1B2C3D4E5F60213 /* Deck.swift */ = {isa = PBXFileReference; lastKnownFileType = sourcecode.swift; path = Deck.swift; sourceTree = "<group>"; };
		A1B2C3D4E5F60214 /* Game.swift */ = {isa = PBXFileReference; lastKnownFileType = sourcecode.swift; path = Game.swift; sourceTree = "<group>"; };
		A1B2C3D4E5F60215 /* GameViewController.swift */ = {isa = PBXFileReference; lastKnownFileType = sourcecode.swift; path = GameViewController.swift; sourceTree = "<group>"; };
		A1B2C3D4E5F60216 /* LoginFormViewController.swift */ = {isa = PBXFileReference; lastKnownFileType = sourcecode.swift; path = LoginFormViewController.swift; sourceTree = "<group>"; };
		A1B2C3D4E5F60217 /* LoginViewController.swift */ = {isa = PBXFileReference; lastKnownFileType = sourcecode.swift; path = LoginViewController.swift; sourceTree = "<group>"; };
		A1B2C3D4E5F60218 /* Player.swift */ = {isa = PBXFileReference; lastKnownFileType = sourcecode.swift; path = Player.swift; sourceTree = "<group>"; };
		A1B2C3D4E5F60219 /* ProfileViewController.swift */ = {isa = PBXFileReference; lastKnownFileType = sourcecode.swift; path = ProfileViewController.swift; sourceTree = "<group>"; };
		A1B2C3D4E5F6021A /* SignUpViewController.swift */ = {isa = PBXFileReference; lastKnownFileType = sourcecode.swift; path = SignUpViewController.swift; sourceTree = "<group>"; };
		A1B2C3D4E5F60015 /* Assets.xcassets */ = {isa = PBXFileReference; lastKnownFileType = folder.assetcatalog; path = Assets.xcassets; sourceTree = "<group>"; };
		A1B2C3D4E5F60018 /* Info.plist */ = {isa = PBXFileReference; lastKnownFileType = text.plist.xml; path = Info.plist; sourceTree = "<group>"; };
		A1B2C3D4E5F60019 /* oak_background.jpg */ = {isa = PBXFileReference; lastKnownFileType = image.jpeg; path = "Images/oak_background.jpg"; sourceTree = "<group>"; };
		A1B2C3D4E5F6001A /* dark_background.jpg */ = {isa = PBXFileReference; lastKnownFileType = image.jpeg; path = "Images/dark_background.jpg"; sourceTree = "<group>"; };
		A1B2C3D4E5F6001B /* title.png */ = {isa = PBXFileReference; lastKnownFileType = image.png; path = "Images/title.png"; sourceTree = "<group>"; };
		A1B2C3D4E5F6001C /* whiteTitle.png */ = {isa = PBXFileReference; lastKnownFileType = image.png; path = "Images/whiteTitle.png"; sourceTree = "<group>"; };
		A1B2C3D4E5F6001D /* cardBack.png */ = {isa = PBXFileReference; lastKnownFileType = image.png; path = "Images/cardBack.png"; sourceTree = "<group>"; };
		A1B2C3D4E5F6001E /* 0.png */ = {isa = PBXFileReference; lastKnownFileType = image.png; path = "Images/cards/0.png"; sourceTree = "<group>"; };
		A1B2C3D4E5F6001F /* 1.png */ = {isa = PBXFileReference; lastKnownFileType = image.png; path = "Images/cards/1.png"; sourceTree = "<group>"; };
		A1B2C3D4E5F60021 /* 2.png */ = {isa = PBXFileReference; lastKnownFileType = image.png; path = "Images/cards/2.png"; sourceTree = "<group>"; };
		A1B2C3D4E5F60022 /* 3.png */ = {isa = PBXFileReference; lastKnownFileType = image.png; path = "Images/cards/3.png"; sourceTree = "<group>"; };
		A1B2C3D4E5F60023 /* 4.png */ = {isa = PBXFileReference; lastKnownFileType = image.png; path = "Images/cards/4.png"; sourceTree = "<group>"; };
		A1B2C3D4E5F60024 /* 5.png */ = {isa = PBXFileReference; lastKnownFileType = image.png; path = "Images/cards/5.png"; sourceTree = "<group>"; };
		A1B2C3D4E5F60025 /* 6.png */ = {isa = PBXFileReference; lastKnownFileType = image.png; path = "Images/cards/6.png"; sourceTree = "<group>"; };
		A1B2C3D4E5F60026 /* 7.png */ = {isa = PBXFileReference; lastKnownFileType = image.png; path = "Images/cards/7.png"; sourceTree = "<group>"; };
		A1B2C3D4E5F60027 /* 8.png */ = {isa = PBXFileReference; lastKnownFileType = image.png; path = "Images/cards/8.png"; sourceTree = "<group>"; };
		A1B2C3D4E5F60028 /* 9.png */ = {isa = PBXFileReference; lastKnownFileType = image.png; path = "Images/cards/9.png"; sourceTree = "<group>"; };
		A1B2C3D4E5F60029 /* 10.png */ = {isa = PBXFileReference; lastKnownFileType = image.png; path = "Images/cards/10.png"; sourceTree = "<group>"; };
		A1B2C3D4E5F6002A /* 11.png */ = {isa = PBXFileReference; lastKnownFileType = image.png; path = "Images/cards/11.png"; sourceTree = "<group>"; };
		A1B2C3D4E5F6002B /* 12.png */ = {isa = PBXFileReference; lastKnownFileType = image.png; path = "Images/cards/12.png"; sourceTree = "<group>"; };
		A1B2C3D4E5F6002C /* splash_screen.png */ = {isa = PBXFileReference; lastKnownFileType = image.png; path = "Images/splash_screen.png"; sourceTree = "<group>"; };
		A1B2C3D4E5F60020 /* Ripple.app */ = {isa = PBXFileReference; explicitFileType = wrapper.application; includeInIndex = 0; path = Ripple.app; sourceTree = BUILT_PRODUCTS_DIR; };
/* End PBXFileReference section */

/* Begin PBXFrameworksBuildPhase section */
		A1B2C3D4E5F60030 /* Frameworks */ = {
			isa = PBXFrameworksBuildPhase;
			buildActionMask = 2147483647;
			files = (
			);
			runOnlyForDeploymentPostprocessing = 0;
		};
/* End PBXFrameworksBuildPhase section */

/* Begin PBXGroup section */
		A1B2C3D4E5F60040 = {
			isa = PBXGroup;
			children = (
				A1B2C3D4E5F60041 /* Ripple */,
				A1B2C3D4E5F60042 /* Products */,
			);
			sourceTree = "<group>";
		};
		A1B2C3D4E5F60041 /* Ripple */ = {
			isa = PBXGroup;
			children = (
				A1B2C3D4E5F60010 /* AppDelegate.swift */,
				A1B2C3D4E5F60011 /* SceneDelegate.swift */,
				A1B2C3D4E5F60012 /* ViewController.swift */,
				A1B2C3D4E5F60210 /* AuthManager.swift */,
				A1B2C3D4E5F60211 /* Card.swift */,
				A1B2C3D4E5F60212 /* CardView.swift */,
				A1B2C3D4E5F60213 /* Deck.swift */,
				A1B2C3D4E5F60214 /* Game.swift */,
				A1B2C3D4E5F60215 /* GameViewController.swift */,
				A1B2C3D4E5F60216 /* LoginFormViewController.swift */,
				A1B2C3D4E5F60217 /* LoginViewController.swift */,
				A1B2C3D4E5F60218 /* Player.swift */,
				A1B2C3D4E5F60219 /* ProfileViewController.swift */,
				A1B2C3D4E5F6021A /* SignUpViewController.swift */,
				A1B2C3D4E5F60015 /* Assets.xcassets */,
				A1B2C3D4E5F60018 /* Info.plist */,
				A1B2C3D4E5F60019 /* oak_background.jpg */,
				A1B2C3D4E5F6001A /* dark_background.jpg */,
				A1B2C3D4E5F6001B /* title.png */,
				A1B2C3D4E5F6001C /* whiteTitle.png */,
				A1B2C3D4E5F6001D /* cardBack.png */,
				A1B2C3D4E5F6001E /* 0.png */,
				A1B2C3D4E5F6001F /* 1.png */,
				A1B2C3D4E5F60021 /* 2.png */,
				A1B2C3D4E5F60022 /* 3.png */,
				A1B2C3D4E5F60023 /* 4.png */,
				A1B2C3D4E5F60024 /* 5.png */,
				A1B2C3D4E5F60025 /* 6.png */,
				A1B2C3D4E5F60026 /* 7.png */,
				A1B2C3D4E5F60027 /* 8.png */,
				A1B2C3D4E5F60028 /* 9.png */,
				A1B2C3D4E5F60029 /* 10.png */,
				A1B2C3D4E5F6002A /* 11.png */,
				A1B2C3D4E5F6002B /* 12.png */,
				A1B2C3D4E5F6002C /* splash_screen.png */,
			);
			path = Ripple;
			sourceTree = "<group>";
		};
		A1B2C3D4E5F60042 /* Products */ = {
			isa = PBXGroup;
			children = (
				A1B2C3D4E5F60020 /* Ripple.app */,
			);
			name = Products;
			sourceTree = "<group>";
		};
/* End PBXGroup section */

/* Begin PBXNativeTarget section */
		A1B2C3D4E5F60050 /* Ripple */ = {
			isa = PBXNativeTarget;
			buildConfigurationList = A1B2C3D4E5F60070 /* Build configuration list for PBXNativeTarget "Ripple" */;
			buildPhases = (
				A1B2C3D4E5F60051 /* Sources */,
				A1B2C3D4E5F60030 /* Frameworks */,
				A1B2C3D4E5F60052 /* Resources */,
			);
			buildRules = (
			);
			dependencies = (
			);
			name = Ripple;
			productName = Ripple;
			productReference = A1B2C3D4E5F60020 /* Ripple.app */;
			productType = "com.apple.product-type.application";
		};
/* End PBXNativeTarget section */

/* Begin PBXProject section */
		A1B2C3D4E5F60060 /* Project object */ = {
			isa = PBXProject;
			attributes = {
				BuildIndependentTargetsInParallel = 1;
				LastSwiftUpdateCheck = 1500;
				LastUpgradeCheck = 1500;
				TargetAttributes = {
					A1B2C3D4E5F60050 = {
						CreatedOnToolsVersion = 15.0;
					};
				};
			};
			buildConfigurationList = A1B2C3D4E5F60061 /* Build configuration list for PBXProject "Ripple" */;
			compatibilityVersion = "Xcode 14.0";
			developmentRegion = en;
			hasScannedForEncodings = 0;
			knownRegions = (
				en,
				Base,
			);
			mainGroup = A1B2C3D4E5F60040;
			productRefGroup = A1B2C3D4E5F60042 /* Products */;
			projectDirPath = "";
			projectRoot = "";
			targets = (
				A1B2C3D4E5F60050 /* Ripple */,
			);
		};
/* End PBXProject section */

/* Begin PBXResourcesBuildPhase section */
		A1B2C3D4E5F60052 /* Resources */ = {
			isa = PBXResourcesBuildPhase;
			buildActionMask = 2147483647;
			files = (
				A1B2C3D4E5F60005 /* Assets.xcassets in Resources */,
				A1B2C3D4E5F60007 /* oak_background.jpg in Resources */,
				A1B2C3D4E5F60008 /* dark_background.jpg in Resources */,
				A1B2C3D4E5F60009 /* title.png in Resources */,
				A1B2C3D4E5F6000A /* whiteTitle.png in Resources */,
				A1B2C3D4E5F6000B /* cardBack.png in Resources */,
				A1B2C3D4E5F6000C /* 0.png in Resources */,
				A1B2C3D4E5F6000D /* 1.png in Resources */,
				A1B2C3D4E5F6000E /* 2.png in Resources */,
				A1B2C3D4E5F6000F /* 3.png in Resources */,
				A1B2C3D4E5F60100 /* 4.png in Resources */,
				A1B2C3D4E5F60101 /* 5.png in Resources */,
				A1B2C3D4E5F60102 /* 6.png in Resources */,
				A1B2C3D4E5F60103 /* 7.png in Resources */,
				A1B2C3D4E5F60104 /* 8.png in Resources */,
				A1B2C3D4E5F60105 /* 9.png in Resources */,
				A1B2C3D4E5F60106 /* 10.png in Resources */,
				A1B2C3D4E5F60107 /* 11.png in Resources */,
				A1B2C3D4E5F60108 /* 12.png in Resources */,
				A1B2C3D4E5F60109 /* splash_screen.png in Resources */,
			);
			runOnlyForDeploymentPostprocessing = 0;
		};
/* End PBXResourcesBuildPhase section */

/* Begin PBXSourcesBuildPhase section */
		A1B2C3D4E5F60051 /* Sources */ = {
			isa = PBXSourcesBuildPhase;
			buildActionMask = 2147483647;
			files = (
				A1B2C3D4E5F60003 /* ViewController.swift in Sources */,
				A1B2C3D4E5F60001 /* AppDelegate.swift in Sources */,
				A1B2C3D4E5F60002 /* SceneDelegate.swift in Sources */,
				A1B2C3D4E5F60200 /* AuthManager.swift in Sources */,
				A1B2C3D4E5F60201 /* Card.swift in Sources */,
				A1B2C3D4E5F60202 /* CardView.swift in Sources */,
				A1B2C3D4E5F60203 /* Deck.swift in Sources */,
				A1B2C3D4E5F60204 /* Game.swift in Sources */,
				A1B2C3D4E5F60205 /* GameViewController.swift in Sources */,
				A1B2C3D4E5F60206 /* LoginFormViewController.swift in Sources */,
				A1B2C3D4E5F60207 /* LoginViewController.swift in Sources */,
				A1B2C3D4E5F60208 /* Player.swift in Sources */,
				A1B2C3D4E5F60209 /* ProfileViewController.swift in Sources */,
				A1B2C3D4E5F6020A /* SignUpViewController.swift in Sources */,
			);
			runOnlyForDeploymentPostprocessing = 0;
		};
/* End PBXSourcesBuildPhase section */



/* Begin XCBuildConfiguration section */
		A1B2C3D4E5F60062 /* Debug */ = {
			isa = XCBuildConfiguration;
			buildSettings = {
				ALWAYS_SEARCH_USER_PATHS = NO;
				ASSETCATALOG_COMPILER_GENERATE_SWIFT_ASSET_SYMBOL_EXTENSIONS = YES;
				CLANG_ANALYZER_NONNULL = YES;
				CLANG_ANALYZER_NUMBER_OBJECT_CONVERSION = YES_AGGRESSIVE;
				CLANG_CXX_LANGUAGE_STANDARD = "gnu++20";
				CLANG_ENABLE_MODULES = YES;
				CLANG_ENABLE_OBJC_ARC = YES;
				CLANG_ENABLE_OBJC_WEAK = YES;
				CLANG_WARN_BLOCK_CAPTURE_AUTORELEASING = YES;
				CLANG_WARN_BOOL_CONVERSION = YES;
				CLANG_WARN_COMMA = YES;
				CLANG_WARN_CONSTANT_CONVERSION = YES;
				CLANG_WARN_DEPRECATED_OBJC_IMPLEMENTATIONS = YES;
				CLANG_WARN_DIRECT_OBJC_ISA_USAGE = YES_ERROR;
				CLANG_WARN_DOCUMENTATION_COMMENTS = YES;
				CLANG_WARN_EMPTY_BODY = YES;
				CLANG_WARN_ENUM_CONVERSION = YES;
				CLANG_WARN_INFINITE_RECURSION = YES;
				CLANG_WARN_INT_CONVERSION = YES;
				CLANG_WARN_NON_LITERAL_NULL_CONVERSION = YES;
				CLANG_WARN_OBJC_IMPLICIT_RETAIN_SELF = YES;
				CLANG_WARN_OBJC_LITERAL_CONVERSION = YES;
				CLANG_WARN_OBJC_ROOT_CLASS = YES_ERROR;
				CLANG_WARN_QUOTED_INCLUDE_IN_FRAMEWORK_HEADER = YES;
				CLANG_WARN_RANGE_LOOP_ANALYSIS = YES;
				CLANG_WARN_STRICT_PROTOTYPES = YES;
				CLANG_WARN_SUSPICIOUS_MOVE = YES;
				CLANG_WARN_UNGUARDED_AVAILABILITY = YES_AGGRESSIVE;
				CLANG_WARN_UNREACHABLE_CODE = YES;
				CLANG_WARN__DUPLICATE_METHOD_MATCH = YES;
				COPY_PHASE_STRIP = NO;
				DEBUG_INFORMATION_FORMAT = dwarf;
				ENABLE_STRICT_OBJC_MSGSEND = YES;
				ENABLE_TESTABILITY = YES;
				ENABLE_USER_SCRIPT_SANDBOXING = YES;
				GCC_C_LANGUAGE_STANDARD = gnu17;
				GCC_DYNAMIC_NO_PIC = NO;
				GCC_NO_COMMON_BLOCKS = YES;
				GCC_OPTIMIZATION_LEVEL = 0;
				GCC_PREPROCESSOR_DEFINITIONS = (
					"DEBUG=1",
					"$(inherited)",
				);
				GCC_WARN_64_TO_32_BIT_CONVERSION = YES;
				GCC_WARN_ABOUT_RETURN_TYPE = YES_ERROR;
				GCC_WARN_UNDECLARED_SELECTOR = YES;
				GCC_WARN_UNINITIALIZED_AUTOS = YES_AGGRESSIVE;
				GCC_WARN_UNUSED_FUNCTION = YES;
				GCC_WARN_UNUSED_VARIABLE = YES;
				IPHONEOS_DEPLOYMENT_TARGET = 17.0;
				LOCALIZATION_PREFERS_STRING_CATALOGS = YES;
				MTL_ENABLE_DEBUG_INFO = INCLUDE_SOURCE;
				MTL_FAST_MATH = YES;
				ONLY_ACTIVE_ARCH = YES;
				SDKROOT = iphoneos;
				SWIFT_ACTIVE_COMPILATION_CONDITIONS = "DEBUG $(inherited)";
				SWIFT_OPTIMIZATION_LEVEL = "-Onone";
			};
			name = Debug;
		};
		A1B2C3D4E5F60063 /* Release */ = {
			isa = XCBuildConfiguration;
			buildSettings = {
				ALWAYS_SEARCH_USER_PATHS = NO;
				ASSETCATALOG_COMPILER_GENERATE_SWIFT_ASSET_SYMBOL_EXTENSIONS = YES;
				CLANG_ANALYZER_NONNULL = YES;
				CLANG_ANALYZER_NUMBER_OBJECT_CONVERSION = YES_AGGRESSIVE;
				CLANG_CXX_LANGUAGE_STANDARD = "gnu++20";
				CLANG_ENABLE_MODULES = YES;
				CLANG_ENABLE_OBJC_ARC = YES;
				CLANG_ENABLE_OBJC_WEAK = YES;
				CLANG_WARN_BLOCK_CAPTURE_AUTORELEASING = YES;
				CLANG_WARN_BOOL_CONVERSION = YES;
				CLANG_WARN_COMMA = YES;
				CLANG_WARN_CONSTANT_CONVERSION = YES;
				CLANG_WARN_DEPRECATED_OBJC_IMPLEMENTATIONS = YES;
				CLANG_WARN_DIRECT_OBJC_ISA_USAGE = YES_ERROR;
				CLANG_WARN_DOCUMENTATION_COMMENTS = YES;
				CLANG_WARN_EMPTY_BODY = YES;
				CLANG_WARN_ENUM_CONVERSION = YES;
				CLANG_WARN_INFINITE_RECURSION = YES;
				CLANG_WARN_INT_CONVERSION = YES;
				CLANG_WARN_NON_LITERAL_NULL_CONVERSION = YES;
				CLANG_WARN_OBJC_IMPLICIT_RETAIN_SELF = YES;
				CLANG_WARN_OBJC_LITERAL_CONVERSION = YES;
				CLANG_WARN_OBJC_ROOT_CLASS = YES_ERROR;
				CLANG_WARN_QUOTED_INCLUDE_IN_FRAMEWORK_HEADER = YES;
				CLANG_WARN_RANGE_LOOP_ANALYSIS = YES;
				CLANG_WARN_STRICT_PROTOTYPES = YES;
				CLANG_WARN_SUSPICIOUS_MOVE = YES;
				CLANG_WARN_UNGUARDED_AVAILABILITY = YES_AGGRESSIVE;
				CLANG_WARN_UNREACHABLE_CODE = YES;
				CLANG_WARN__DUPLICATE_METHOD_MATCH = YES;
				COPY_PHASE_STRIP = NO;
				DEBUG_INFORMATION_FORMAT = "dwarf-with-dsym";
				ENABLE_NS_ASSERTIONS = NO;
				ENABLE_STRICT_OBJC_MSGSEND = YES;
				ENABLE_USER_SCRIPT_SANDBOXING = YES;
				GCC_C_LANGUAGE_STANDARD = gnu17;
				GCC_NO_COMMON_BLOCKS = YES;
				GCC_WARN_64_TO_32_BIT_CONVERSION = YES;
				GCC_WARN_ABOUT_RETURN_TYPE = YES_ERROR;
				GCC_WARN_UNDECLARED_SELECTOR = YES;
				GCC_WARN_UNINITIALIZED_AUTOS = YES_AGGRESSIVE;
				GCC_WARN_UNUSED_FUNCTION = YES;
				GCC_WARN_UNUSED_VARIABLE = YES;
				IPHONEOS_DEPLOYMENT_TARGET = 17.0;
				LOCALIZATION_PREFERS_STRING_CATALOGS = YES;
				MTL_ENABLE_DEBUG_INFO = NO;
				MTL_FAST_MATH = YES;
				SDKROOT = iphoneos;
				SWIFT_COMPILATION_MODE = wholemodule;
				VALIDATE_PRODUCT = YES;
			};
			name = Release;
		};
		A1B2C3D4E5F60071 /* Debug */ = {
			isa = XCBuildConfiguration;
			buildSettings = {
				ASSETCATALOG_COMPILER_APPICON_NAME = AppIcon;
				ASSETCATALOG_COMPILER_GLOBAL_ACCENT_COLOR_NAME = AccentColor;
				CODE_SIGN_STYLE = Automatic;
				CURRENT_PROJECT_VERSION = 1;
				GENERATE_INFOPLIST_FILE = YES;
				INFOPLIST_FILE = Ripple/Info.plist;
				INFOPLIST_KEY_UIApplicationSupportsIndirectInputEvents = YES;
				INFOPLIST_KEY_UILaunchScreen_Generation = YES;
				INFOPLIST_KEY_UISupportedInterfaceOrientations_iPad = "UIInterfaceOrientationLandscapeLeft UIInterfaceOrientationLandscapeRight";
				INFOPLIST_KEY_UISupportedInterfaceOrientations_iPhone = "UIInterfaceOrientationLandscapeLeft UIInterfaceOrientationLandscapeRight";
				INFOPLIST_KEY_UIRequiresFullScreen = YES;
				LD_RUNPATH_SEARCH_PATHS = (
					"$(inherited)",
					"@executable_path/Frameworks",
				);
				MARKETING_VERSION = 1.0;
				PRODUCT_BUNDLE_IDENTIFIER = com.ripple.app;
				PRODUCT_NAME = "$(TARGET_NAME)";
				SWIFT_EMIT_LOC_STRINGS = YES;
				SWIFT_VERSION = 5.0;
				TARGETED_DEVICE_FAMILY = "1,2";
			};
			name = Debug;
		};
		A1B2C3D4E5F60072 /* Release */ = {
			isa = XCBuildConfiguration;
			buildSettings = {
				ASSETCATALOG_COMPILER_APPICON_NAME = AppIcon;
				ASSETCATALOG_COMPILER_GLOBAL_ACCENT_COLOR_NAME = AccentColor;
				CODE_SIGN_STYLE = Automatic;
				CURRENT_PROJECT_VERSION = 1;
				GENERATE_INFOPLIST_FILE = YES;
				INFOPLIST_FILE = Ripple/Info.plist;
				INFOPLIST_KEY_UIApplicationSupportsIndirectInputEvents = YES;
				INFOPLIST_KEY_UILaunchScreen_Generation = YES;
				INFOPLIST_KEY_UISupportedInterfaceOrientations_iPad = "UIInterfaceOrientationLandscapeLeft UIInterfaceOrientationLandscapeRight";
				INFOPLIST_KEY_UISupportedInterfaceOrientations_iPhone = "UIInterfaceOrientationLandscapeLeft UIInterfaceOrientationLandscapeRight";
				INFOPLIST_KEY_UIRequiresFullScreen = YES;
				LD_RUNPATH_SEARCH_PATHS = (
					"$(inherited)",
					"@executable_path/Frameworks",
				);
				MARKETING_VERSION = 1.0;
				PRODUCT_BUNDLE_IDENTIFIER = com.ripple.app;
				PRODUCT_NAME = "$(TARGET_NAME)";
				SWIFT_EMIT_LOC_STRINGS = YES;
				SWIFT_VERSION = 5.0;
				TARGETED_DEVICE_FAMILY = "1,2";
			};
			name = Release;
		};
/* End XCBuildConfiguration section */

/* Begin XCConfigurationList section */
		A1B2C3D4E5F60061 /* Build configuration list for PBXProject "Ripple" */ = {
			isa = XCConfigurationList;
			buildConfigurations = (
				A1B2C3D4E5F60062 /* Debug */,
				A1B2C3D4E5F60063 /* Release */,
			);
			defaultConfigurationIsVisible = 0;
			defaultConfigurationName = Release;
		};
		A1B2C3D4E5F60070 /* Build configuration list for PBXNativeTarget "Ripple" */ = {
			isa = XCConfigurationList;
			buildConfigurations = (
				A1B2C3D4E5F60071 /* Debug */,
				A1B2C3D4E5F60072 /* Release */,
			);
			defaultConfigurationIsVisible = 0;
			defaultConfigurationName = Release;
		};
/* End XCConfigurationList section */
	};
	rootObject = A1B2C3D4E5F60060 /* Project object */;
}
